
Microsoft Visual Studio Solution File, Format Version 12.00
# Visual Studio Version 17
VisualStudioVersion = 17.5.002.0
MinimumVisualStudioVersion = 10.0.40219.1
Project("{2150E333-8FDC-42A3-9474-1A3956D46DE8}") = "csharp-prep", "csharp-prep", "{176616C1-3354-4C0A-9B6F-E3F20AF6BBA9}"
EndProject
Project("{9A19103F-16F7-4668-BE54-9A1E7A4F7556}") = "Prep1", "csharp-prep\Prep1\Prep1.csproj", "{E0AD4E67-01E3-46CB-816A-8EBE3D47281C}"
EndProject
Project("{9A19103F-16F7-4668-BE54-9A1E7A4F7556}") = "Prep2", "csharp-prep\Prep2\Prep2.csproj", "{A2357815-3C34-4B49-8DD2-71799AA22729}"
EndProject
Project("{9A19103F-16F7-4668-BE54-9A1E7A4F7556}") = "Prep3", "csharp-prep\Prep3\Prep3.csproj", "{A8A9AB44-0013-4AA5-A332-6DA06CE41F6F}"
EndProject
Project("{9A19103F-16F7-4668-BE54-9A1E7A4F7556}") = "Prep4", "csharp-prep\Prep4\Prep4.csproj", "{5F1FB38F-69D4-40A8-BC5E-B49928141051}"
EndProject
Project("{9A19103F-16F7-4668-BE54-9A1E7A4F7556}") = "Prep5", "csharp-prep\Prep5\Prep5.csproj", "{F489C368-96CC-4398-AB04-DA4986DF8187}"
EndProject
Project("{2150E333-8FDC-42A3-9474-1A3956D46DE8}") = "final", "final", "{14629136-2C33-43E9-B40D-5FA81B730F3B}"
EndProject
Project("{9A19103F-16F7-4668-BE54-9A1E7A4F7556}") = "FinalProject", "final\FinalProject\FinalProject.csproj", "{A45285F1-EE70-4C76-B510-66E8EDA37D49}"
EndProject
Project("{9A19103F-16F7-4668-BE54-9A1E7A4F7556}") = "Foundation1", "final\Foundation1\Foundation1.csproj", "{69AA3B4B-CE9E-40CE-8D9E-FF08CA448F26}"
EndProject
Project("{9A19103F-16F7-4668-BE54-9A1E7A4F7556}") = "Foundation2", "final\Foundation2\Foundation2.csproj", "{0B8F0596-BF39-40A2-ADED-4864ADCBF26D}"
EndProject
Project("{9A19103F-16F7-4668-BE54-9A1E7A4F7556}") = "Foundation3", "final\Foundation3\Foundation3.csproj", "{8DB1C5D8-CB19-4FDB-A4CB-6EB6DB495E8D}"
EndProject
Project("{9A19103F-16F7-4668-BE54-9A1E7A4F7556}") = "Foundation4", "final\Foundation4\Foundation4.csproj", "{E4F127E9-69D3-476A-A6E3-1B1740728016}"
EndProject
Project("{2150E333-8FDC-42A3-9474-1A3956D46DE8}") = "prepare", "prepare", "{DCBA0431-0F9E-4C42-B706-3B877395030A}"
EndProject
Project("{9A19103F-16F7-4668-BE54-9A1E7A4F7556}") = "Learning02", "prepare\Learning02\Learning02.csproj", "{AAFB864C-2A0A-4E99-8DB9-5F635CBC1CAB}"
EndProject
Project("{9A19103F-16F7-4668-BE54-9A1E7A4F7556}") = "Learning03", "prepare\Learning03\Learning03.csproj", "{7124C303-9FFA-4793-8FFE-6A09C48BA1DD}"
EndProject
Project("{9A19103F-16F7-4668-BE54-9A1E7A4F7556}") = "Learning04", "prepare\Learning04\Learning04.csproj", "{32FF91E1-3A19-4206-BD42-DEF8CBC6C4E0}"
EndProject
Project("{9A19103F-16F7-4668-BE54-9A1E7A4F7556}") = "Learning05", "prepare\Learning05\Learning05.csproj", "{FC4AD254-E04B-48E8-A4CE-EDBA11513DA0}"
EndProject
Project("{2150E333-8FDC-42A3-9474-1A3956D46DE8}") = "prove", "prove", "{7EDEABA4-2C89-4F7D-B4D8-F0B4DB2F6C25}"
EndProject
Project("{9A19103F-16F7-4668-BE54-9A1E7A4F7556}") = "Develop02", "prove\Develop02\Develop02.csproj", "{B8A77C92-EA15-4FFB-851E-D9AAD0FC3E8D}"
EndProject
Project("{9A19103F-16F7-4668-BE54-9A1E7A4F7556}") = "Develop03", "prove\Develop03\Develop03.csproj", "{2C57482C-BD61-4871-B182-6862E6191884}"
EndProject
Project("{9A19103F-16F7-4668-BE54-9A1E7A4F7556}") = "Develop04", "prove\Develop04\Develop04.csproj", "{8FE01B0F-D26B-42FD-8676-27DBF521A348}"
EndProject
Project("{9A19103F-16F7-4668-BE54-9A1E7A4F7556}") = "Develop05", "prove\Develop05\Develop05.csproj", "{2120612D-F0CB-44BC-B77E-D4DEB45D7E7D}"
EndProject
Project("{2150E333-8FDC-42A3-9474-1A3956D46DE8}") = "sandbox", "sandbox", "{74596CF7-F252-4D50-9CC2-D0745F108849}"
EndProject
Project("{9A19103F-16F7-4668-BE54-9A1E7A4F7556}") = "Sandbox", "sandbox\Sandbox\Sandbox.csproj", "{600EFDE2-57B1-487E-9A8E-BF42ECA70315}"
EndProject
Global
	GlobalSection(SolutionConfigurationPlatforms) = preSolution
		Debug|Any CPU = Debug|Any CPU
		Release|Any CPU = Release|Any CPU
	EndGlobalSection
	GlobalSection(ProjectConfigurationPlatforms) = postSolution
		{E0AD4E67-01E3-46CB-816A-8EBE3D47281C}.Debug|Any CPU.ActiveCfg = Debug|Any CPU
		{E0AD4E67-01E3-46CB-816A-8EBE3D47281C}.Debug|Any CPU.Build.0 = Debug|Any CPU
		{E0AD4E67-01E3-46CB-816A-8EBE3D47281C}.Release|Any CPU.ActiveCfg = Release|Any CPU
		{E0AD4E67-01E3-46CB-816A-8EBE3D47281C}.Release|Any CPU.Build.0 = Release|Any CPU
		{A2357815-3C34-4B49-8DD2-71799AA22729}.Debug|Any CPU.ActiveCfg = Debug|Any CPU
		{A2357815-3C34-4B49-8DD2-71799AA22729}.Debug|Any CPU.Build.0 = Debug|Any CPU
		{A2357815-3C34-4B49-8DD2-71799AA22729}.Release|Any CPU.ActiveCfg = Release|Any CPU
		{A2357815-3C34-4B49-8DD2-71799AA22729}.Release|Any CPU.Build.0 = Release|Any CPU
		{A8A9AB44-0013-4AA5-A332-6DA06CE41F6F}.Debug|Any CPU.ActiveCfg = Debug|Any CPU
		{A8A9AB44-0013-4AA5-A332-6DA06CE41F6F}.Debug|Any CPU.Build.0 = Debug|Any CPU
		{A8A9AB44-0013-4AA5-A332-6DA06CE41F6F}.Release|Any CPU.ActiveCfg = Release|Any CPU
		{A8A9AB44-0013-4AA5-A332-6DA06CE41F6F}.Release|Any CPU.Build.0 = Release|Any CPU
		{5F1FB38F-69D4-40A8-BC5E-B49928141051}.Debug|Any CPU.ActiveCfg = Debug|Any CPU
		{5F1FB38F-69D4-40A8-BC5E-B49928141051}.Debug|Any CPU.Build.0 = Debug|Any CPU
		{5F1FB38F-69D4-40A8-BC5E-B49928141051}.Release|Any CPU.ActiveCfg = Release|Any CPU
		{5F1FB38F-69D4-40A8-BC5E-B49928141051}.Release|Any CPU.Build.0 = Release|Any CPU
		{F489C368-96CC-4398-AB04-DA4986DF8187}.Debug|Any CPU.ActiveCfg = Debug|Any CPU
		{F489C368-96CC-4398-AB04-DA4986DF8187}.Debug|Any CPU.Build.0 = Debug|Any CPU
		{F489C368-96CC-4398-AB04-DA4986DF8187}.Release|Any CPU.ActiveCfg = Release|Any CPU
		{F489C368-96CC-4398-AB04-DA4986DF8187}.Release|Any CPU.Build.0 = Release|Any CPU
		{A45285F1-EE70-4C76-B510-66E8EDA37D49}.Debug|Any CPU.ActiveCfg = Debug|Any CPU
		{A45285F1-EE70-4C76-B510-66E8EDA37D49}.Debug|Any CPU.Build.0 = Debug|Any CPU
		{A45285F1-EE70-4C76-B510-66E8EDA37D49}.Release|Any CPU.ActiveCfg = Release|Any CPU
		{A45285F1-EE70-4C76-B510-66E8EDA37D49}.Release|Any CPU.Build.0 = Release|Any CPU
		{69AA3B4B-CE9E-40CE-8D9E-FF08CA448F26}.Debug|Any CPU.ActiveCfg = Debug|Any CPU
		{69AA3B4B-CE9E-40CE-8D9E-FF08CA448F26}.Debug|Any CPU.Build.0 = Debug|Any CPU
		{69AA3B4B-CE9E-40CE-8D9E-FF08CA448F26}.Release|Any CPU.ActiveCfg = Release|Any CPU
		{69AA3B4B-CE9E-40CE-8D9E-FF08CA448F26}.Release|Any CPU.Build.0 = Release|Any CPU
		{0B8F0596-BF39-40A2-ADED-4864ADCBF26D}.Debug|Any CPU.ActiveCfg = Debug|Any CPU
		{0B8F0596-BF39-40A2-ADED-4864ADCBF26D}.Debug|Any CPU.Build.0 = Debug|Any CPU
		{0B8F0596-BF39-40A2-ADED-4864ADCBF26D}.Release|Any CPU.ActiveCfg = Release|Any CPU
		{0B8F0596-BF39-40A2-ADED-4864ADCBF26D}.Release|Any CPU.Build.0 = Release|Any CPU
		{8DB1C5D8-CB19-4FDB-A4CB-6EB6DB495E8D}.Debug|Any CPU.ActiveCfg = Debug|Any CPU
		{8DB1C5D8-CB19-4FDB-A4CB-6EB6DB495E8D}.Debug|Any CPU.Build.0 = Debug|Any CPU
		{8DB1C5D8-CB19-4FDB-A4CB-6EB6DB495E8D}.Release|Any CPU.ActiveCfg = Release|Any CPU
		{8DB1C5D8-CB19-4FDB-A4CB-6EB6DB495E8D}.Release|Any CPU.Build.0 = Release|Any CPU
		{E4F127E9-69D3-476A-A6E3-1B1740728016}.Debug|Any CPU.ActiveCfg = Debug|Any CPU
		{E4F127E9-69D3-476A-A6E3-1B1740728016}.Debug|Any CPU.Build.0 = Debug|Any CPU
		{E4F127E9-69D3-476A-A6E3-1B1740728016}.Release|Any CPU.ActiveCfg = Release|Any CPU
		{E4F127E9-69D3-476A-A6E3-1B1740728016}.Release|Any CPU.Build.0 = Release|Any CPU
		{AAFB864C-2A0A-4E99-8DB9-5F635CBC1CAB}.Debug|Any CPU.ActiveCfg = Debug|Any CPU
		{AAFB864C-2A0A-4E99-8DB9-5F635CBC1CAB}.Debug|Any CPU.Build.0 = Debug|Any CPU
		{AAFB864C-2A0A-4E99-8DB9-5F635CBC1CAB}.Release|Any CPU.ActiveCfg = Release|Any CPU
		{AAFB864C-2A0A-4E99-8DB9-5F635CBC1CAB}.Release|Any CPU.Build.0 = Release|Any CPU
		{7124C303-9FFA-4793-8FFE-6A09C48BA1DD}.Debug|Any CPU.ActiveCfg = Debug|Any CPU
		{7124C303-9FFA-4793-8FFE-6A09C48BA1DD}.Debug|Any CPU.Build.0 = Debug|Any CPU
		{7124C303-9FFA-4793-8FFE-6A09C48BA1DD}.Release|Any CPU.ActiveCfg = Release|Any CPU
		{7124C303-9FFA-4793-8FFE-6A09C48BA1DD}.Release|Any CPU.Build.0 = Release|Any CPU
		{32FF91E1-3A19-4206-BD42-DEF8CBC6C4E0}.Debug|Any CPU.ActiveCfg = Debug|Any CPU
		{32FF91E1-3A19-4206-BD42-DEF8CBC6C4E0}.Debug|Any CPU.Build.0 = Debug|Any CPU
		{32FF91E1-3A19-4206-BD42-DEF8CBC6C4E0}.Release|Any CPU.ActiveCfg = Release|Any CPU
		{32FF91E1-3A19-4206-BD42-DEF8CBC6C4E0}.Release|Any CPU.Build.0 = Release|Any CPU
		{FC4AD254-E04B-48E8-A4CE-EDBA11513DA0}.Debug|Any CPU.ActiveCfg = Debug|Any CPU
		{FC4AD254-E04B-48E8-A4CE-EDBA11513DA0}.Debug|Any CPU.Build.0 = Debug|Any CPU
		{FC4AD254-E04B-48E8-A4CE-EDBA11513DA0}.Release|Any CPU.ActiveCfg = Release|Any CPU
		{FC4AD254-E04B-48E8-A4CE-EDBA11513DA0}.Release|Any CPU.Build.0 = Release|Any CPU
		{B8A77C92-EA15-4FFB-851E-D9AAD0FC3E8D}.Debug|Any CPU.ActiveCfg = Debug|Any CPU
		{B8A77C92-EA15-4FFB-851E-D9AAD0FC3E8D}.Debug|Any CPU.Build.0 = Debug|Any CPU
		{B8A77C92-EA15-4FFB-851E-D9AAD0FC3E8D}.Release|Any CPU.ActiveCfg = Release|Any CPU
		{B8A77C92-EA15-4FFB-851E-D9AAD0FC3E8D}.Release|Any CPU.Build.0 = Release|Any CPU
		{2C57482C-BD61-4871-B182-6862E6191884}.Debug|Any CPU.ActiveCfg = Debug|Any CPU
		{2C57482C-BD61-4871-B182-6862E6191884}.Debug|Any CPU.Build.0 = Debug|Any CPU
		{2C57482C-BD61-4871-B182-6862E6191884}.Release|Any CPU.ActiveCfg = Release|Any CPU
		{2C57482C-BD61-4871-B182-6862E6191884}.Release|Any CPU.Build.0 = Release|Any CPU
		{8FE01B0F-D26B-42FD-8676-27DBF521A348}.Debug|Any CPU.ActiveCfg = Debug|Any CPU
		{8FE01B0F-D26B-42FD-8676-27DBF521A348}.Debug|Any CPU.Build.0 = Debug|Any CPU
		{8FE01B0F-D26B-42FD-8676-27DBF521A348}.Release|Any CPU.ActiveCfg = Release|Any CPU
		{8FE01B0F-D26B-42FD-8676-27DBF521A348}.Release|Any CPU.Build.0 = Release|Any CPU
		{2120612D-F0CB-44BC-B77E-D4DEB45D7E7D}.Debug|Any CPU.ActiveCfg = Debug|Any CPU
		{2120612D-F0CB-44BC-B77E-D4DEB45D7E7D}.Debug|Any CPU.Build.0 = Debug|Any CPU
		{2120612D-F0CB-44BC-B77E-D4DEB45D7E7D}.Release|Any CPU.ActiveCfg = Release|Any CPU
		{2120612D-F0CB-44BC-B77E-D4DEB45D7E7D}.Release|Any CPU.Build.0 = Release|Any CPU
		{600EFDE2-57B1-487E-9A8E-BF42ECA70315}.Debug|Any CPU.ActiveCfg = Debug|Any CPU
		{600EFDE2-57B1-487E-9A8E-BF42ECA70315}.Debug|Any CPU.Build.0 = Debug|Any CPU
		{600EFDE2-57B1-487E-9A8E-BF42ECA70315}.Release|Any CPU.ActiveCfg = Release|Any CPU
		{600EFDE2-57B1-487E-9A8E-BF42ECA70315}.Release|Any CPU.Build.0 = Release|Any CPU
	EndGlobalSection
	GlobalSection(SolutionProperties) = preSolution
		HideSolutionNode = FALSE
	EndGlobalSection
	GlobalSection(NestedProjects) = preSolution
		{E0AD4E67-01E3-46CB-816A-8EBE3D47281C} = {176616C1-3354-4C0A-9B6F-E3F20AF6BBA9}
		{A2357815-3C34-4B49-8DD2-71799AA22729} = {176616C1-3354-4C0A-9B6F-E3F20AF6BBA9}
		{A8A9AB44-0013-4AA5-A332-6DA06CE41F6F} = {176616C1-3354-4C0A-9B6F-E3F20AF6BBA9}
		{5F1FB38F-69D4-40A8-BC5E-B49928141051} = {176616C1-3354-4C0A-9B6F-E3F20AF6BBA9}
		{F489C368-96CC-4398-AB04-DA4986DF8187} = {176616C1-3354-4C0A-9B6F-E3F20AF6BBA9}
		{A45285F1-EE70-4C76-B510-66E8EDA37D49} = {14629136-2C33-43E9-B40D-5FA81B730F3B}
		{69AA3B4B-CE9E-40CE-8D9E-FF08CA448F26} = {14629136-2C33-43E9-B40D-5FA81B730F3B}
		{0B8F0596-BF39-40A2-ADED-4864ADCBF26D} = {14629136-2C33-43E9-B40D-5FA81B730F3B}
		{8DB1C5D8-CB19-4FDB-A4CB-6EB6DB495E8D} = {14629136-2C33-43E9-B40D-5FA81B730F3B}
		{E4F127E9-69D3-476A-A6E3-1B1740728016} = {14629136-2C33-43E9-B40D-5FA81B730F3B}
		{AAFB864C-2A0A-4E99-8DB9-5F635CBC1CAB} = {DCBA0431-0F9E-4C42-B706-3B877395030A}
		{7124C303-9FFA-4793-8FFE-6A09C48BA1DD} = {DCBA0431-0F9E-4C42-B706-3B877395030A}
		{32FF91E1-3A19-4206-BD42-DEF8CBC6C4E0} = {DCBA0431-0F9E-4C42-B706-3B877395030A}
		{FC4AD254-E04B-48E8-A4CE-EDBA11513DA0} = {DCBA0431-0F9E-4C42-B706-3B877395030A}
		{B8A77C92-EA15-4FFB-851E-D9AAD0FC3E8D} = {7EDEABA4-2C89-4F7D-B4D8-F0B4DB2F6C25}
		{2C57482C-BD61-4871-B182-6862E6191884} = {7EDEABA4-2C89-4F7D-B4D8-F0B4DB2F6C25}
		{8FE01B0F-D26B-42FD-8676-27DBF521A348} = {7EDEABA4-2C89-4F7D-B4D8-F0B4DB2F6C25}
		{2120612D-F0CB-44BC-B77E-D4DEB45D7E7D} = {7EDEABA4-2C89-4F7D-B4D8-F0B4DB2F6C25}
		{600EFDE2-57B1-487E-9A8E-BF42ECA70315} = {74596CF7-F252-4D50-9CC2-D0745F108849}
	EndGlobalSection
	GlobalSection(ExtensibilityGlobals) = postSolution
		SolutionGuid = {E3596311-EC7D-4045-9DC8-23998843BF85}
	EndGlobalSection
EndGlobal
